// !$*UTF8*$!
{
	archiveVersion = 1;
	classes = {
	};
	objectVersion = 51;
	objects = {

/* Begin PBXBuildFile section */
		59243FD7244028710006443B /* AppDelegate.swift in Sources */ = {isa = PBXBuildFile; fileRef = 59243FD6244028710006443B /* AppDelegate.swift */; };
		59243FD9244028710006443B /* SceneDelegate.swift in Sources */ = {isa = PBXBuildFile; fileRef = 59243FD8244028710006443B /* SceneDelegate.swift */; };
		59243FDB244028710006443B /* WalkthroughViewController.swift in Sources */ = {isa = PBXBuildFile; fileRef = 59243FDA244028710006443B /* WalkthroughViewController.swift */; };
		59243FDE244028710006443B /* Main.storyboard in Resources */ = {isa = PBXBuildFile; fileRef = 59243FDC244028710006443B /* Main.storyboard */; };
		59243FE0244028720006443B /* Assets.xcassets in Resources */ = {isa = PBXBuildFile; fileRef = 59243FDF244028720006443B /* Assets.xcassets */; };
		59243FE3244028720006443B /* LaunchScreen.storyboard in Resources */ = {isa = PBXBuildFile; fileRef = 59243FE1244028720006443B /* LaunchScreen.storyboard */; };
		59243FEB244031730006443B /* WalkthroughContentVC.swift in Sources */ = {isa = PBXBuildFile; fileRef = 59243FEA244031730006443B /* WalkthroughContentVC.swift */; };
		59243FED2440387A0006443B /* CategoriesViewController.swift in Sources */ = {isa = PBXBuildFile; fileRef = 59243FEC2440387A0006443B /* CategoriesViewController.swift */; };
		597752B52442D94E007C03C7 /* CategoriesCell.swift in Sources */ = {isa = PBXBuildFile; fileRef = 597752B32442D94E007C03C7 /* CategoriesCell.swift */; };
		597752B62442D94E007C03C7 /* CategoriesCell.xib in Resources */ = {isa = PBXBuildFile; fileRef = 597752B42442D94E007C03C7 /* CategoriesCell.xib */; };
		597752B82442E7BE007C03C7 /* CircularProgressView.swift in Sources */ = {isa = PBXBuildFile; fileRef = 597752B72442E7BE007C03C7 /* CircularProgressView.swift */; };
		597752BA2442EF8A007C03C7 /* Constant.swift in Sources */ = {isa = PBXBuildFile; fileRef = 597752B92442EF8A007C03C7 /* Constant.swift */; };
		597752BD2442F060007C03C7 /* Category.swift in Sources */ = {isa = PBXBuildFile; fileRef = 597752BC2442F060007C03C7 /* Category.swift */; };
		597752BF2442F0BE007C03C7 /* Item.swift in Sources */ = {isa = PBXBuildFile; fileRef = 597752BE2442F0BE007C03C7 /* Item.swift */; };
		597752C42442FD84007C03C7 /* ItemsViewController.swift in Sources */ = {isa = PBXBuildFile; fileRef = 597752C32442FD84007C03C7 /* ItemsViewController.swift */; };
		597752C7244310D5007C03C7 /* ItemCell.swift in Sources */ = {isa = PBXBuildFile; fileRef = 597752C5244310D5007C03C7 /* ItemCell.swift */; };
		597752C8244310D5007C03C7 /* ItemCell.xib in Resources */ = {isa = PBXBuildFile; fileRef = 597752C6244310D5007C03C7 /* ItemCell.xib */; };
		597752CA2443FD70007C03C7 /* AddItemController.swift in Sources */ = {isa = PBXBuildFile; fileRef = 597752C92443FD70007C03C7 /* AddItemController.swift */; };
		62E40A7E309181BDE09F229C /* Pods_DaiDo.framework in Frameworks */ = {isa = PBXBuildFile; fileRef = 5233B35833856A0CFDA5F6BC /* Pods_DaiDo.framework */; };
/* End PBXBuildFile section */

/* Begin PBXFileReference section */
		3F6EDC7A339035655A97C263 /* Pods-DaiDo.release.xcconfig */ = {isa = PBXFileReference; includeInIndex = 1; lastKnownFileType = text.xcconfig; name = "Pods-DaiDo.release.xcconfig"; path = "Target Support Files/Pods-DaiDo/Pods-DaiDo.release.xcconfig"; sourceTree = "<group>"; };
		5233B35833856A0CFDA5F6BC /* Pods_DaiDo.framework */ = {isa = PBXFileReference; explicitFileType = wrapper.framework; includeInIndex = 0; path = Pods_DaiDo.framework; sourceTree = BUILT_PRODUCTS_DIR; };
		59243FD3244028710006443B /* DaiDo.app */ = {isa = PBXFileReference; explicitFileType = wrapper.application; includeInIndex = 0; path = DaiDo.app; sourceTree = BUILT_PRODUCTS_DIR; };
		59243FD6244028710006443B /* AppDelegate.swift */ = {isa = PBXFileReference; lastKnownFileType = sourcecode.swift; path = AppDelegate.swift; sourceTree = "<group>"; };
		59243FD8244028710006443B /* SceneDelegate.swift */ = {isa = PBXFileReference; lastKnownFileType = sourcecode.swift; path = SceneDelegate.swift; sourceTree = "<group>"; };
		59243FDA244028710006443B /* WalkthroughViewController.swift */ = {isa = PBXFileReference; lastKnownFileType = sourcecode.swift; path = WalkthroughViewController.swift; sourceTree = "<group>"; };
		59243FDD244028710006443B /* Base */ = {isa = PBXFileReference; lastKnownFileType = file.storyboard; name = Base; path = Base.lproj/Main.storyboard; sourceTree = "<group>"; };
		59243FDF244028720006443B /* Assets.xcassets */ = {isa = PBXFileReference; lastKnownFileType = folder.assetcatalog; path = Assets.xcassets; sourceTree = "<group>"; };
		59243FE2244028720006443B /* Base */ = {isa = PBXFileReference; lastKnownFileType = file.storyboard; name = Base; path = Base.lproj/LaunchScreen.storyboard; sourceTree = "<group>"; };
		59243FE4244028720006443B /* Info.plist */ = {isa = PBXFileReference; lastKnownFileType = text.plist.xml; path = Info.plist; sourceTree = "<group>"; };
		59243FEA244031730006443B /* WalkthroughContentVC.swift */ = {isa = PBXFileReference; lastKnownFileType = sourcecode.swift; path = WalkthroughContentVC.swift; sourceTree = "<group>"; };
		59243FEC2440387A0006443B /* CategoriesViewController.swift */ = {isa = PBXFileReference; lastKnownFileType = sourcecode.swift; path = CategoriesViewController.swift; sourceTree = "<group>"; };
		597752B32442D94E007C03C7 /* CategoriesCell.swift */ = {isa = PBXFileReference; lastKnownFileType = sourcecode.swift; path = CategoriesCell.swift; sourceTree = "<group>"; };
		597752B42442D94E007C03C7 /* CategoriesCell.xib */ = {isa = PBXFileReference; lastKnownFileType = file.xib; path = CategoriesCell.xib; sourceTree = "<group>"; };
		597752B72442E7BE007C03C7 /* CircularProgressView.swift */ = {isa = PBXFileReference; lastKnownFileType = sourcecode.swift; path = CircularProgressView.swift; sourceTree = "<group>"; };
		597752B92442EF8A007C03C7 /* Constant.swift */ = {isa = PBXFileReference; lastKnownFileType = sourcecode.swift; path = Constant.swift; sourceTree = "<group>"; };
		597752BC2442F060007C03C7 /* Category.swift */ = {isa = PBXFileReference; lastKnownFileType = sourcecode.swift; path = Category.swift; sourceTree = "<group>"; };
		597752BE2442F0BE007C03C7 /* Item.swift */ = {isa = PBXFileReference; lastKnownFileType = sourcecode.swift; path = Item.swift; sourceTree = "<group>"; };
		597752C32442FD84007C03C7 /* ItemsViewController.swift */ = {isa = PBXFileReference; lastKnownFileType = sourcecode.swift; path = ItemsViewController.swift; sourceTree = "<group>"; };
		597752C5244310D5007C03C7 /* ItemCell.swift */ = {isa = PBXFileReference; lastKnownFileType = sourcecode.swift; path = ItemCell.swift; sourceTree = "<group>"; };
		597752C6244310D5007C03C7 /* ItemCell.xib */ = {isa = PBXFileReference; lastKnownFileType = file.xib; path = ItemCell.xib; sourceTree = "<group>"; };
		597752C92443FD70007C03C7 /* AddItemController.swift */ = {isa = PBXFileReference; lastKnownFileType = sourcecode.swift; path = AddItemController.swift; sourceTree = "<group>"; };
		CF0EEE177327D64C749BD58F /* Pods-DaiDo.debug.xcconfig */ = {isa = PBXFileReference; includeInIndex = 1; lastKnownFileType = text.xcconfig; name = "Pods-DaiDo.debug.xcconfig"; path = "Target Support Files/Pods-DaiDo/Pods-DaiDo.debug.xcconfig"; sourceTree = "<group>"; };
/* End PBXFileReference section */

/* Begin PBXFrameworksBuildPhase section */
		59243FD0244028710006443B /* Frameworks */ = {
			isa = PBXFrameworksBuildPhase;
			buildActionMask = 2147483647;
			files = (
				62E40A7E309181BDE09F229C /* Pods_DaiDo.framework in Frameworks */,
			);
			runOnlyForDeploymentPostprocessing = 0;
		};
/* End PBXFrameworksBuildPhase section */

/* Begin PBXGroup section */
		12ACED614624E6ABA445C1EA /* Pods */ = {
			isa = PBXGroup;
			children = (
				CF0EEE177327D64C749BD58F /* Pods-DaiDo.debug.xcconfig */,
				3F6EDC7A339035655A97C263 /* Pods-DaiDo.release.xcconfig */,
			);
			path = Pods;
			sourceTree = "<group>";
		};
		59243FCA244028710006443B = {
			isa = PBXGroup;
			children = (
				59243FD5244028710006443B /* DaiDo */,
				59243FD4244028710006443B /* Products */,
				12ACED614624E6ABA445C1EA /* Pods */,
				7C3F2D5F2EFA012859A4F928 /* Frameworks */,
			);
			sourceTree = "<group>";
		};
		59243FD4244028710006443B /* Products */ = {
			isa = PBXGroup;
			children = (
				59243FD3244028710006443B /* DaiDo.app */,
			);
			name = Products;
			sourceTree = "<group>";
		};
		59243FD5244028710006443B /* DaiDo */ = {
			isa = PBXGroup;
			children = (
				59243FD6244028710006443B /* AppDelegate.swift */,
				59243FD8244028710006443B /* SceneDelegate.swift */,
				597752BB2442F01A007C03C7 /* Model */,
				597752B22442D91E007C03C7 /* Views */,
				59243FEE244042FF0006443B /* Controllers */,
				597752C02442F2DB007C03C7 /* Helper */,
				59243FDF244028720006443B /* Assets.xcassets */,
				59243FE1244028720006443B /* LaunchScreen.storyboard */,
				59243FE4244028720006443B /* Info.plist */,
			);
			path = DaiDo;
			sourceTree = "<group>";
		};
		59243FEE244042FF0006443B /* Controllers */ = {
			isa = PBXGroup;
			children = (
				59243FDA244028710006443B /* WalkthroughViewController.swift */,
				59243FEA244031730006443B /* WalkthroughContentVC.swift */,
				59243FEC2440387A0006443B /* CategoriesViewController.swift */,
				597752C32442FD84007C03C7 /* ItemsViewController.swift */,
				597752C92443FD70007C03C7 /* AddItemController.swift */,
			);
			path = Controllers;
			sourceTree = "<group>";
		};
		597752B22442D91E007C03C7 /* Views */ = {
			isa = PBXGroup;
			children = (
				59243FDC244028710006443B /* Main.storyboard */,
				597752B32442D94E007C03C7 /* CategoriesCell.swift */,
				597752B42442D94E007C03C7 /* CategoriesCell.xib */,
				597752B72442E7BE007C03C7 /* CircularProgressView.swift */,
				597752C5244310D5007C03C7 /* ItemCell.swift */,
				597752C6244310D5007C03C7 /* ItemCell.xib */,
			);
			path = Views;
			sourceTree = "<group>";
		};
		597752BB2442F01A007C03C7 /* Model */ = {
			isa = PBXGroup;
			children = (
				597752BC2442F060007C03C7 /* Category.swift */,
				597752BE2442F0BE007C03C7 /* Item.swift */,
			);
			path = Model;
			sourceTree = "<group>";
		};
		597752C02442F2DB007C03C7 /* Helper */ = {
			isa = PBXGroup;
			children = (
				597752B92442EF8A007C03C7 /* Constant.swift */,
			);
			path = Helper;
			sourceTree = "<group>";
		};
		7C3F2D5F2EFA012859A4F928 /* Frameworks */ = {
			isa = PBXGroup;
			children = (
				5233B35833856A0CFDA5F6BC /* Pods_DaiDo.framework */,
			);
			name = Frameworks;
			sourceTree = "<group>";
		};
/* End PBXGroup section */

/* Begin PBXNativeTarget section */
		59243FD2244028710006443B /* DaiDo */ = {
			isa = PBXNativeTarget;
			buildConfigurationList = 59243FE7244028720006443B /* Build configuration list for PBXNativeTarget "DaiDo" */;
			buildPhases = (
				E622C40D03D0009D152217CF /* [CP] Check Pods Manifest.lock */,
				59243FCF244028710006443B /* Sources */,
				59243FD0244028710006443B /* Frameworks */,
				59243FD1244028710006443B /* Resources */,
				6C6BDE8C5EB2D3B9C06874B3 /* [CP] Embed Pods Frameworks */,
			);
			buildRules = (
			);
			dependencies = (
			);
			name = DaiDo;
			productName = DaiDo;
			productReference = 59243FD3244028710006443B /* DaiDo.app */;
			productType = "com.apple.product-type.application";
		};
/* End PBXNativeTarget section */

/* Begin PBXProject section */
		59243FCB244028710006443B /* Project object */ = {
			isa = PBXProject;
			attributes = {
				LastSwiftUpdateCheck = 1140;
				LastUpgradeCheck = 1140;
				ORGANIZATIONNAME = "Muhammad Hilmy Fauzi";
				TargetAttributes = {
					59243FD2244028710006443B = {
						CreatedOnToolsVersion = 11.4;
					};
				};
			};
			buildConfigurationList = 59243FCE244028710006443B /* Build configuration list for PBXProject "DaiDo" */;
			compatibilityVersion = "Xcode 9.3";
			developmentRegion = en;
			hasScannedForEncodings = 0;
			knownRegions = (
				en,
				Base,
			);
			mainGroup = 59243FCA244028710006443B;
			productRefGroup = 59243FD4244028710006443B /* Products */;
			projectDirPath = "";
			projectRoot = "";
			targets = (
				59243FD2244028710006443B /* DaiDo */,
			);
		};
/* End PBXProject section */

/* Begin PBXResourcesBuildPhase section */
		59243FD1244028710006443B /* Resources */ = {
			isa = PBXResourcesBuildPhase;
			buildActionMask = 2147483647;
			files = (
				59243FE3244028720006443B /* LaunchScreen.storyboard in Resources */,
				597752B62442D94E007C03C7 /* CategoriesCell.xib in Resources */,
				597752C8244310D5007C03C7 /* ItemCell.xib in Resources */,
				59243FE0244028720006443B /* Assets.xcassets in Resources */,
				59243FDE244028710006443B /* Main.storyboard in Resources */,
			);
			runOnlyForDeploymentPostprocessing = 0;
		};
/* End PBXResourcesBuildPhase section */

/* Begin PBXShellScriptBuildPhase section */
		6C6BDE8C5EB2D3B9C06874B3 /* [CP] Embed Pods Frameworks */ = {
			isa = PBXShellScriptBuildPhase;
			buildActionMask = 2147483647;
			files = (
			);
			inputFileListPaths = (
				"${PODS_ROOT}/Target Support Files/Pods-DaiDo/Pods-DaiDo-frameworks-${CONFIGURATION}-input-files.xcfilelist",
			);
			name = "[CP] Embed Pods Frameworks";
			outputFileListPaths = (
				"${PODS_ROOT}/Target Support Files/Pods-DaiDo/Pods-DaiDo-frameworks-${CONFIGURATION}-output-files.xcfilelist",
			);
			runOnlyForDeploymentPostprocessing = 0;
			shellPath = /bin/sh;
			shellScript = "\"${PODS_ROOT}/Target Support Files/Pods-DaiDo/Pods-DaiDo-frameworks.sh\"\n";
			showEnvVarsInLog = 0;
		};
		E622C40D03D0009D152217CF /* [CP] Check Pods Manifest.lock */ = {
			isa = PBXShellScriptBuildPhase;
			buildActionMask = 2147483647;
			files = (
			);
			inputFileListPaths = (
			);
			inputPaths = (
				"${PODS_PODFILE_DIR_PATH}/Podfile.lock",
				"${PODS_ROOT}/Manifest.lock",
			);
			name = "[CP] Check Pods Manifest.lock";
			outputFileListPaths = (
			);
			outputPaths = (
				"$(DERIVED_FILE_DIR)/Pods-DaiDo-checkManifestLockResult.txt",
			);
			runOnlyForDeploymentPostprocessing = 0;
			shellPath = /bin/sh;
			shellScript = "diff \"${PODS_PODFILE_DIR_PATH}/Podfile.lock\" \"${PODS_ROOT}/Manifest.lock\" > /dev/null\nif [ $? != 0 ] ; then\n    # print error to STDERR\n    echo \"error: The sandbox is not in sync with the Podfile.lock. Run 'pod install' or update your CocoaPods installation.\" >&2\n    exit 1\nfi\n# This output is used by Xcode 'outputs' to avoid re-running this script phase.\necho \"SUCCESS\" > \"${SCRIPT_OUTPUT_FILE_0}\"\n";
			showEnvVarsInLog = 0;
		};
/* End PBXShellScriptBuildPhase section */

/* Begin PBXSourcesBuildPhase section */
		59243FCF244028710006443B /* Sources */ = {
			isa = PBXSourcesBuildPhase;
			buildActionMask = 2147483647;
			files = (
				597752BF2442F0BE007C03C7 /* Item.swift in Sources */,
				597752C42442FD84007C03C7 /* ItemsViewController.swift in Sources */,
				59243FDB244028710006443B /* WalkthroughViewController.swift in Sources */,
				59243FED2440387A0006443B /* CategoriesViewController.swift in Sources */,
				59243FEB244031730006443B /* WalkthroughContentVC.swift in Sources */,
				597752BA2442EF8A007C03C7 /* Constant.swift in Sources */,
				597752B82442E7BE007C03C7 /* CircularProgressView.swift in Sources */,
				597752BD2442F060007C03C7 /* Category.swift in Sources */,
				597752C7244310D5007C03C7 /* ItemCell.swift in Sources */,
				597752B52442D94E007C03C7 /* CategoriesCell.swift in Sources */,
				59243FD7244028710006443B /* AppDelegate.swift in Sources */,
				59243FD9244028710006443B /* SceneDelegate.swift in Sources */,
				597752CA2443FD70007C03C7 /* AddItemController.swift in Sources */,
			);
			runOnlyForDeploymentPostprocessing = 0;
		};
/* End PBXSourcesBuildPhase section */

/* Begin PBXVariantGroup section */
		59243FDC244028710006443B /* Main.storyboard */ = {
			isa = PBXVariantGroup;
			children = (
				59243FDD244028710006443B /* Base */,
			);
			name = Main.storyboard;
			sourceTree = "<group>";
		};
		59243FE1244028720006443B /* LaunchScreen.storyboard */ = {
			isa = PBXVariantGroup;
			children = (
				59243FE2244028720006443B /* Base */,
			);
			name = LaunchScreen.storyboard;
			sourceTree = "<group>";
		};
/* End PBXVariantGroup section */

/* Begin XCBuildConfiguration section */
		59243FE5244028720006443B /* Debug */ = {
			isa = XCBuildConfiguration;
			buildSettings = {
				ALWAYS_SEARCH_USER_PATHS = NO;
				CLANG_ANALYZER_NONNULL = YES;
				CLANG_ANALYZER_NUMBER_OBJECT_CONVERSION = YES_AGGRESSIVE;
				CLANG_CXX_LANGUAGE_STANDARD = "gnu++14";
				CLANG_CXX_LIBRARY = "libc++";
				CLANG_ENABLE_MODULES = YES;
				CLANG_ENABLE_OBJC_ARC = YES;
				CLANG_ENABLE_OBJC_WEAK = YES;
				CLANG_WARN_BLOCK_CAPTURE_AUTORELEASING = YES;
				CLANG_WARN_BOOL_CONVERSION = YES;
				CLANG_WARN_COMMA = YES;
				CLANG_WARN_CONSTANT_CONVERSION = YES;
				CLANG_WARN_DEPRECATED_OBJC_IMPLEMENTATIONS = YES;
				CLANG_WARN_DIRECT_OBJC_ISA_USAGE = YES_ERROR;
				CLANG_WARN_DOCUMENTATION_COMMENTS = YES;
				CLANG_WARN_EMPTY_BODY = YES;
				CLANG_WARN_ENUM_CONVERSION = YES;
				CLANG_WARN_INFINITE_RECURSION = YES;
				CLANG_WARN_INT_CONVERSION = YES;
				CLANG_WARN_NON_LITERAL_NULL_CONVERSION = YES;
				CLANG_WARN_OBJC_IMPLICIT_RETAIN_SELF = YES;
				CLANG_WARN_OBJC_LITERAL_CONVERSION = YES;
				CLANG_WARN_OBJC_ROOT_CLASS = YES_ERROR;
				CLANG_WARN_RANGE_LOOP_ANALYSIS = YES;
				CLANG_WARN_STRICT_PROTOTYPES = YES;
				CLANG_WARN_SUSPICIOUS_MOVE = YES;
				CLANG_WARN_UNGUARDED_AVAILABILITY = YES_AGGRESSIVE;
				CLANG_WARN_UNREACHABLE_CODE = YES;
				CLANG_WARN__DUPLICATE_METHOD_MATCH = YES;
				COPY_PHASE_STRIP = NO;
				DEBUG_INFORMATION_FORMAT = dwarf;
				ENABLE_STRICT_OBJC_MSGSEND = YES;
				ENABLE_TESTABILITY = YES;
				GCC_C_LANGUAGE_STANDARD = gnu11;
				GCC_DYNAMIC_NO_PIC = NO;
				GCC_NO_COMMON_BLOCKS = YES;
				GCC_OPTIMIZATION_LEVEL = 0;
				GCC_PREPROCESSOR_DEFINITIONS = (
					"DEBUG=1",
					"$(inherited)",
				);
				GCC_WARN_64_TO_32_BIT_CONVERSION = YES;
				GCC_WARN_ABOUT_RETURN_TYPE = YES_ERROR;
				GCC_WARN_UNDECLARED_SELECTOR = YES;
				GCC_WARN_UNINITIALIZED_AUTOS = YES_AGGRESSIVE;
				GCC_WARN_UNUSED_FUNCTION = YES;
				GCC_WARN_UNUSED_VARIABLE = YES;
				IPHONEOS_DEPLOYMENT_TARGET = 13.4;
				MTL_ENABLE_DEBUG_INFO = INCLUDE_SOURCE;
				MTL_FAST_MATH = YES;
				ONLY_ACTIVE_ARCH = YES;
				SDKROOT = iphoneos;
				SWIFT_ACTIVE_COMPILATION_CONDITIONS = DEBUG;
				SWIFT_OPTIMIZATION_LEVEL = "-Onone";
			};
			name = Debug;
		};
		59243FE6244028720006443B /* Release */ = {
			isa = XCBuildConfiguration;
			buildSettings = {
				ALWAYS_SEARCH_USER_PATHS = NO;
				CLANG_ANALYZER_NONNULL = YES;
				CLANG_ANALYZER_NUMBER_OBJECT_CONVERSION = YES_AGGRESSIVE;
				CLANG_CXX_LANGUAGE_STANDARD = "gnu++14";
				CLANG_CXX_LIBRARY = "libc++";
				CLANG_ENABLE_MODULES = YES;
				CLANG_ENABLE_OBJC_ARC = YES;
				CLANG_ENABLE_OBJC_WEAK = YES;
				CLANG_WARN_BLOCK_CAPTURE_AUTORELEASING = YES;
				CLANG_WARN_BOOL_CONVERSION = YES;
				CLANG_WARN_COMMA = YES;
				CLANG_WARN_CONSTANT_CONVERSION = YES;
				CLANG_WARN_DEPRECATED_OBJC_IMPLEMENTATIONS = YES;
				CLANG_WARN_DIRECT_OBJC_ISA_USAGE = YES_ERROR;
				CLANG_WARN_DOCUMENTATION_COMMENTS = YES;
				CLANG_WARN_EMPTY_BODY = YES;
				CLANG_WARN_ENUM_CONVERSION = YES;
				CLANG_WARN_INFINITE_RECURSION = YES;
				CLANG_WARN_INT_CONVERSION = YES;
				CLANG_WARN_NON_LITERAL_NULL_CONVERSION = YES;
				CLANG_WARN_OBJC_IMPLICIT_RETAIN_SELF = YES;
				CLANG_WARN_OBJC_LITERAL_CONVERSION = YES;
				CLANG_WARN_OBJC_ROOT_CLASS = YES_ERROR;
				CLANG_WARN_RANGE_LOOP_ANALYSIS = YES;
				CLANG_WARN_STRICT_PROTOTYPES = YES;
				CLANG_WARN_SUSPICIOUS_MOVE = YES;
				CLANG_WARN_UNGUARDED_AVAILABILITY = YES_AGGRESSIVE;
				CLANG_WARN_UNREACHABLE_CODE = YES;
				CLANG_WARN__DUPLICATE_METHOD_MATCH = YES;
				COPY_PHASE_STRIP = NO;
				DEBUG_INFORMATION_FORMAT = "dwarf-with-dsym";
				ENABLE_NS_ASSERTIONS = NO;
				ENABLE_STRICT_OBJC_MSGSEND = YES;
				GCC_C_LANGUAGE_STANDARD = gnu11;
				GCC_NO_COMMON_BLOCKS = YES;
				GCC_WARN_64_TO_32_BIT_CONVERSION = YES;
				GCC_WARN_ABOUT_RETURN_TYPE = YES_ERROR;
				GCC_WARN_UNDECLARED_SELECTOR = YES;
				GCC_WARN_UNINITIALIZED_AUTOS = YES_AGGRESSIVE;
				GCC_WARN_UNUSED_FUNCTION = YES;
				GCC_WARN_UNUSED_VARIABLE = YES;
				IPHONEOS_DEPLOYMENT_TARGET = 13.4;
				MTL_ENABLE_DEBUG_INFO = NO;
				MTL_FAST_MATH = YES;
				SDKROOT = iphoneos;
				SWIFT_COMPILATION_MODE = wholemodule;
				SWIFT_OPTIMIZATION_LEVEL = "-O";
				VALIDATE_PRODUCT = YES;
			};
			name = Release;
		};
		59243FE8244028720006443B /* Debug */ = {
			isa = XCBuildConfiguration;
			baseConfigurationReference = CF0EEE177327D64C749BD58F /* Pods-DaiDo.debug.xcconfig */;
			buildSettings = {
				ASSETCATALOG_COMPILER_APPICON_NAME = AppIcon;
				CODE_SIGN_STYLE = Automatic;
				DEVELOPMENT_TEAM = 72C5A4RQ56;
				INFOPLIST_FILE = DaiDo/Info.plist;
				LD_RUNPATH_SEARCH_PATHS = (
					"$(inherited)",
					"@executable_path/Frameworks",
				);
				PRODUCT_BUNDLE_IDENTIFIER = com.fauzi.DaiDo;
				PRODUCT_NAME = "$(TARGET_NAME)";
				SWIFT_VERSION = 5.0;
				TARGETED_DEVICE_FAMILY = "1,2";
			};
			name = Debug;
		};
		59243FE9244028720006443B /* Release */ = {
			isa = XCBuildConfiguration;
			baseConfigurationReference = 3F6EDC7A339035655A97C263 /* Pods-DaiDo.release.xcconfig */;
			buildSettings = {
				ASSETCATALOG_COMPILER_APPICON_NAME = AppIcon;
				CODE_SIGN_STYLE = Automatic;
				DEVELOPMENT_TEAM = 72C5A4RQ56;
				INFOPLIST_FILE = DaiDo/Info.plist;
				LD_RUNPATH_SEARCH_PATHS = (
					"$(inherited)",
					"@executable_path/Frameworks",
				);
				PRODUCT_BUNDLE_IDENTIFIER = com.fauzi.DaiDo;
				PRODUCT_NAME = "$(TARGET_NAME)";
				SWIFT_VERSION = 5.0;
				TARGETED_DEVICE_FAMILY = "1,2";
			};
			name = Release;
		};
/* End XCBuildConfiguration section */

/* Begin XCConfigurationList section */
		59243FCE244028710006443B /* Build configuration list for PBXProject "DaiDo" */ = {
			isa = XCConfigurationList;
			buildConfigurations = (
				59243FE5244028720006443B /* Debug */,
				59243FE6244028720006443B /* Release */,
			);
			defaultConfigurationIsVisible = 0;
			defaultConfigurationName = Release;
		};
		59243FE7244028720006443B /* Build configuration list for PBXNativeTarget "DaiDo" */ = {
			isa = XCConfigurationList;
			buildConfigurations = (
				59243FE8244028720006443B /* Debug */,
				59243FE9244028720006443B /* Release */,
			);
			defaultConfigurationIsVisible = 0;
			defaultConfigurationName = Release;
		};
/* End XCConfigurationList section */
	};
	rootObject = 59243FCB244028710006443B /* Project object */;
}
